
Microsoft Visual Studio Solution File, Format Version 10.00
# Visual Studio 2008
Project("{FAE04EC0-301F-11D3-BF4B-00C04F79EFBC}") = "TestLPaint", "TestLPaint.csproj", "{CF89D1E0-E4B2-4944-A5F4-15940767BD56}"
EndProject
Global
	GlobalSection(SolutionConfigurationPlatforms) = preSolution
		Debug|Any CPU = Debug|Any CPU
		Release|Any CPU = Release|Any CPU
	EndGlobalSection
	GlobalSection(ProjectConfigurationPlatforms) = postSolution
		{CF89D1E0-E4B2-4944-A5F4-15940767BD56}.Debug|Any CPU.ActiveCfg = Debug|Any CPU
		{CF89D1E0-E4B2-4944-A5F4-15940767BD56}.Debug|Any CPU.Build.0 = Debug|Any CPU
		{CF89D1E0-E4B2-4944-A5F4-15940767BD56}.Release|Any CPU.ActiveCfg = Release|Any CPU
		{CF89D1E0-E4B2-4944-A5F4-15940767BD56}.Release|Any CPU.Build.0 = Release|Any CPU
	EndGlobalSection
	GlobalSection(SolutionProperties) = preSolution
		HideSolutionNode = FALSE
	EndGlobalSection
EndGlobal
